<?xml version="1.0" encoding="utf-8"?>
<Project ToolsVersion="4.0" xmlns="http://schemas.microsoft.com/developer/msbuild/2003">
  <ItemGroup>
    <Filter Include="00_StationApp">
      <UniqueIdentifier>{d09405ea-41d6-4c8a-a313-a45de7b23b23}</UniqueIdentifier>
    </Filter>
    <Filter Include="02_Navigation">
      <UniqueIdentifier>{5b8c7643-c5de-4446-bf76-e146684b9c2a}</UniqueIdentifier>
    </Filter>
    <Filter Include="99_Define">
      <UniqueIdentifier>{32220fcf-a3b1-4854-90cb-951008f5cc02}</UniqueIdentifier>
    </Filter>
    <Filter Include="98_Default">
      <UniqueIdentifier>{df3438d1-1a2b-4480-a04c-8ad59c580887}</UniqueIdentifier>
    </Filter>
    <Filter Include="01_StationConsole">
      <UniqueIdentifier>{edf74aef-dc07-4df1-9221-255c975b57b9}</UniqueIdentifier>
    </Filter>
  </ItemGroup>
  <ItemGroup>
    <ClCompile Include="Main.cpp">
      <Filter>98_Default</Filter>
    </ClCompile>
    <ClCompile Include="Navigation.cpp">
      <Filter>02_Navigation</Filter>
    </ClCompile>
    <ClCompile Include="StationConsole.cpp">
      <Filter>01_StationConsole</Filter>
    </ClCompile>
    <ClCompile Include="StationApp.cpp">
      <Filter>00_StationApp</Filter>
    </ClCompile>
  </ItemGroup>
  <ItemGroup>
    <ClInclude Include="Defines.h">
      <Filter>99_Define</Filter>
    </ClInclude>
    <ClInclude Include="Navigation.h">
      <Filter>02_Navigation</Filter>
    </ClInclude>
    <ClInclude Include="StationConsole.h">
      <Filter>01_StationConsole</Filter>
    </ClInclude>
    <ClInclude Include="StationApp.h">
      <Filter>00_StationApp</Filter>
    </ClInclude>
  </ItemGroup>
</Project>